
Microsoft Visual Studio Solution File, Format Version 12.00
# Visual Studio Version 16
VisualStudioVersion = 16.0.32126.315
MinimumVisualStudioVersion = 10.0.40219.1
Project("{FAE04EC0-301F-11D3-BF4B-00C04F79EFBC}") = "_0511_2", "_0511_2.csproj", "{9B08586E-BBB8-4BEE-A895-8FF27ED6196C}"
EndProject
Global
	GlobalSection(SolutionConfigurationPlatforms) = preSolution
		Debug|Any CPU = Debug|Any CPU
		Release|Any CPU = Release|Any CPU
	EndGlobalSection
	GlobalSection(ProjectConfigurationPlatforms) = postSolution
		{9B08586E-BBB8-4BEE-A895-8FF27ED6196C}.Debug|Any CPU.ActiveCfg = Debug|Any CPU
		{9B08586E-BBB8-4BEE-A895-8FF27ED6196C}.Debug|Any CPU.Build.0 = Debug|Any CPU
		{9B08586E-BBB8-4BEE-A895-8FF27ED6196C}.Release|Any CPU.ActiveCfg = Release|Any CPU
		{9B08586E-BBB8-4BEE-A895-8FF27ED6196C}.Release|Any CPU.Build.0 = Release|Any CPU
	EndGlobalSection
	GlobalSection(SolutionProperties) = preSolution
		HideSolutionNode = FALSE
	EndGlobalSection
	GlobalSection(ExtensibilityGlobals) = postSolution
		SolutionGuid = {E8BA8865-525C-400C-BA80-D31E11B2AA38}
	EndGlobalSection
EndGlobal
